
Microsoft Visual Studio Solution File, Format Version 12.00
# Visual Studio 15
VisualStudioVersion = 15.0.26730.16
MinimumVisualStudioVersion = 10.0.40219.1
Project("{FAE04EC0-301F-11D3-BF4B-00C04F79EFBC}") = "UniqueCharacter", "UniqueCharacters\UniqueCharacter.csproj", "{FBD899A4-635A-43C4-B576-49D6B38F35CE}"
EndProject
Project("{FAE04EC0-301F-11D3-BF4B-00C04F79EFBC}") = "UniqueCharacterTest", "UniqueCharactersTest\UniqueCharacterTest.csproj", "{1F4629CF-644B-473D-918C-8560025C8AD2}"
EndProject
Global
	GlobalSection(SolutionConfigurationPlatforms) = preSolution
		Debug|Any CPU = Debug|Any CPU
		Release|Any CPU = Release|Any CPU
	EndGlobalSection
	GlobalSection(ProjectConfigurationPlatforms) = postSolution
		{FBD899A4-635A-43C4-B576-49D6B38F35CE}.Debug|Any CPU.ActiveCfg = Debug|Any CPU
		{FBD899A4-635A-43C4-B576-49D6B38F35CE}.Debug|Any CPU.Build.0 = Debug|Any CPU
		{FBD899A4-635A-43C4-B576-49D6B38F35CE}.Release|Any CPU.ActiveCfg = Release|Any CPU
		{FBD899A4-635A-43C4-B576-49D6B38F35CE}.Release|Any CPU.Build.0 = Release|Any CPU
		{1F4629CF-644B-473D-918C-8560025C8AD2}.Debug|Any CPU.ActiveCfg = Debug|Any CPU
		{1F4629CF-644B-473D-918C-8560025C8AD2}.Debug|Any CPU.Build.0 = Debug|Any CPU
		{1F4629CF-644B-473D-918C-8560025C8AD2}.Release|Any CPU.ActiveCfg = Release|Any CPU
		{1F4629CF-644B-473D-918C-8560025C8AD2}.Release|Any CPU.Build.0 = Release|Any CPU
	EndGlobalSection
	GlobalSection(SolutionProperties) = preSolution
		HideSolutionNode = FALSE
	EndGlobalSection
	GlobalSection(ExtensibilityGlobals) = postSolution
		SolutionGuid = {352D538A-7E55-4077-9294-24CFAB710496}
	EndGlobalSection
EndGlobal
